{
  "name": "backend",
  "version": "1.0.0",
  "lockfileVersion": 3,
  "requires": true,
  "packages": {
    "": {
      "name": "backend",
      "version": "1.0.0",
      "license": "ISC",
      "dependencies": {
        "fhir-validator": "^0.5.1",
        "uuid": "^9.0.0"
      }
    },
    "node_modules/ajv": {
      "version": "5.5.2",
      "resolved": "https://registry.npmjs.org/ajv/-/ajv-5.5.2.tgz",
      "integrity": "sha512-Ajr4IcMXq/2QmMkEmSvxqfLN5zGmJ92gHXAeOXq1OekoH2rfDNsgdDoL2f7QaRCy7G/E6TpxBVdRuNraMztGHw==",
      "dependencies": {
        "co": "^4.6.0",
        "fast-deep-equal": "^1.0.0",
        "fast-json-stable-stringify": "^2.0.0",
        "json-schema-traverse": "^0.3.0"
      }
    },
    "node_modules/co": {
      "version": "4.6.0",
      "resolved": "https://registry.npmjs.org/co/-/co-4.6.0.tgz",
      "integrity": "sha512-QVb0dM5HvG+uaxitm8wONl7jltx8dqhfU33DcqtOZcLSVIKSDDLDi7+0LbAKiyI8hD9u42m2YxXSkMGWThaecQ==",
      "engines": {
        "iojs": ">= 1.0.0",
        "node": ">= 0.12.0"
      }
    },
    "node_modules/fast-deep-equal": {
      "version": "1.1.0",
      "resolved": "https://registry.npmjs.org/fast-deep-equal/-/fast-deep-equal-1.1.0.tgz",
      "integrity": "sha512-fueX787WZKCV0Is4/T2cyAdM4+x1S3MXXOAhavE1ys/W42SHAPacLTQhucja22QBYrfGw50M2sRiXPtTGv9Ymw=="
    },
    "node_modules/fast-json-stable-stringify": {
      "version": "2.1.0",
      "resolved": "https://registry.npmjs.org/fast-json-stable-stringify/-/fast-json-stable-stringify-2.1.0.tgz",
      "integrity": "sha512-lhd/wF+Lk98HZoTCtlVraHtfh5XYijIjalXck7saUtuanSDyLMxnHhSXEDJqHxD7msR8D0uCmqlkwjCV8xvwHw=="
    },
    "node_modules/fhir-validator": {
      "version": "0.5.1",
      "resolved": "https://registry.npmjs.org/fhir-validator/-/fhir-validator-0.5.1.tgz",
      "integrity": "sha512-i9USKACT7MepTD59ofsTMKiXOObTAKwQPpei3Jl8bXPsS+yZHhzoRebH7M7clfmy3YBGBFYQ8yma1e9a34F89g==",
      "dependencies": {
        "ajv": "^5.2.0",
        "lodash": "^4.13.1"
      }
    },
    "node_modules/json-schema-traverse": {
      "version": "0.3.1",
      "resolved": "https://registry.npmjs.org/json-schema-traverse/-/json-schema-traverse-0.3.1.tgz",
      "integrity": "sha512-4JD/Ivzg7PoW8NzdrBSr3UFwC9mHgvI7Z6z3QGBsSHgKaRTUDmyZAAKJo2UbG1kUVfS9WS8bi36N49U1xw43DA=="
    },
    "node_modules/lodash": {
      "version": "4.17.21",
      "resolved": "https://registry.npmjs.org/lodash/-/lodash-4.17.21.tgz",
      "integrity": "sha512-v2kDEe57lecTulaDIuNTPy3Ry4gLGJ6Z1O3vE1krgXZNrsQ+LFTGHVxVjcXPs17LhbZVGedAJv8XZ1tvj5FvSg=="
    },
    "node_modules/uuid": {
      "version": "9.0.0",
      "resolved": "https://registry.npmjs.org/uuid/-/uuid-9.0.0.tgz",
      "integrity": "sha512-MXcSTerfPa4uqyzStbRoTgt5XIe3x5+42+q1sDuy3R5MDk66URdLMOZe5aPX/SQd+kuYAh0FdP/pO28IkQyTeg==",
      "bin": {
        "uuid": "dist/bin/uuid"
      }
    }
  }
}
